// !$*UTF8*$!
{
	archiveVersion = 1;
	classes = {
	};
	objectVersion = 46;
	objects = {

/* Begin PBXBuildFile section */
		30FFB3001AF606120D557245 /* Pods.framework in Frameworks */ = {isa = PBXBuildFile; fileRef = 45C31D4F8CA04E25A98251C6 /* Pods.framework */; };
		855092B2D7727244B310F708 /* Pods.framework in Frameworks */ = {isa = PBXBuildFile; fileRef = 45C31D4F8CA04E25A98251C6 /* Pods.framework */; };
		C3DF16AB1CC4CA7900D3F1FA /* Meteor+Promissum.h in Headers */ = {isa = PBXBuildFile; fileRef = C3DF16AA1CC4CA7900D3F1FA /* Meteor+Promissum.h */; settings = {ATTRIBUTES = (Public, ); }; };
		C3DF16B21CC4CA7900D3F1FA /* MeteorPromissum.framework in Frameworks */ = {isa = PBXBuildFile; fileRef = C3DF16A71CC4CA7900D3F1FA /* MeteorPromissum.framework */; };
		C3DF16B71CC4CA7900D3F1FA /* Meteor_PromissumTests.swift in Sources */ = {isa = PBXBuildFile; fileRef = C3DF16B61CC4CA7900D3F1FA /* Meteor_PromissumTests.swift */; };
		C3DF16C21CC4CDA700D3F1FA /* Meteor+Promises.swift in Sources */ = {isa = PBXBuildFile; fileRef = C3DF16C11CC4CDA700D3F1FA /* Meteor+Promises.swift */; };
/* End PBXBuildFile section */

/* Begin PBXContainerItemProxy section */
		C3DF16B31CC4CA7900D3F1FA /* PBXContainerItemProxy */ = {
			isa = PBXContainerItemProxy;
			containerPortal = C3DF169E1CC4CA7900D3F1FA /* Project object */;
			proxyType = 1;
			remoteGlobalIDString = C3DF16A61CC4CA7900D3F1FA;
			remoteInfo = "Meteor+Promissum";
		};
/* End PBXContainerItemProxy section */

/* Begin PBXFileReference section */
		45C31D4F8CA04E25A98251C6 /* Pods.framework */ = {isa = PBXFileReference; explicitFileType = wrapper.framework; includeInIndex = 0; path = Pods.framework; sourceTree = BUILT_PRODUCTS_DIR; };
		96D8B432076FB2612DE52B20 /* Pods.release.xcconfig */ = {isa = PBXFileReference; includeInIndex = 1; lastKnownFileType = text.xcconfig; name = Pods.release.xcconfig; path = "Pods/Target Support Files/Pods/Pods.release.xcconfig"; sourceTree = "<group>"; };
		C3DF16A71CC4CA7900D3F1FA /* MeteorPromissum.framework */ = {isa = PBXFileReference; explicitFileType = wrapper.framework; includeInIndex = 0; path = MeteorPromissum.framework; sourceTree = BUILT_PRODUCTS_DIR; };
		C3DF16AA1CC4CA7900D3F1FA /* Meteor+Promissum.h */ = {isa = PBXFileReference; lastKnownFileType = sourcecode.c.h; path = "Meteor+Promissum.h"; sourceTree = "<group>"; };
		C3DF16AC1CC4CA7900D3F1FA /* Info.plist */ = {isa = PBXFileReference; lastKnownFileType = text.plist.xml; path = Info.plist; sourceTree = "<group>"; };
		C3DF16B11CC4CA7900D3F1FA /* MeteorPromissumTests.xctest */ = {isa = PBXFileReference; explicitFileType = wrapper.cfbundle; includeInIndex = 0; path = MeteorPromissumTests.xctest; sourceTree = BUILT_PRODUCTS_DIR; };
		C3DF16B61CC4CA7900D3F1FA /* Meteor_PromissumTests.swift */ = {isa = PBXFileReference; lastKnownFileType = sourcecode.swift; path = Meteor_PromissumTests.swift; sourceTree = "<group>"; };
		C3DF16B81CC4CA7900D3F1FA /* Info.plist */ = {isa = PBXFileReference; lastKnownFileType = text.plist.xml; path = Info.plist; sourceTree = "<group>"; };
		C3DF16C11CC4CDA700D3F1FA /* Meteor+Promises.swift */ = {isa = PBXFileReference; fileEncoding = 4; lastKnownFileType = sourcecode.swift; path = "Meteor+Promises.swift"; sourceTree = "<group>"; };
		CCA5E90AA8FA2E0FA3D349D2 /* Pods.debug.xcconfig */ = {isa = PBXFileReference; includeInIndex = 1; lastKnownFileType = text.xcconfig; name = Pods.debug.xcconfig; path = "Pods/Target Support Files/Pods/Pods.debug.xcconfig"; sourceTree = "<group>"; };
/* End PBXFileReference section */

/* Begin PBXFrameworksBuildPhase section */
		C3DF16A31CC4CA7900D3F1FA /* Frameworks */ = {
			isa = PBXFrameworksBuildPhase;
			buildActionMask = 2147483647;
			files = (
				855092B2D7727244B310F708 /* Pods.framework in Frameworks */,
			);
			runOnlyForDeploymentPostprocessing = 0;
		};
		C3DF16AE1CC4CA7900D3F1FA /* Frameworks */ = {
			isa = PBXFrameworksBuildPhase;
			buildActionMask = 2147483647;
			files = (
				C3DF16B21CC4CA7900D3F1FA /* MeteorPromissum.framework in Frameworks */,
				30FFB3001AF606120D557245 /* Pods.framework in Frameworks */,
			);
			runOnlyForDeploymentPostprocessing = 0;
		};
/* End PBXFrameworksBuildPhase section */

/* Begin PBXGroup section */
		38CB63462BEC011410A41EE5 /* Pods */ = {
			isa = PBXGroup;
			children = (
				CCA5E90AA8FA2E0FA3D349D2 /* Pods.debug.xcconfig */,
				96D8B432076FB2612DE52B20 /* Pods.release.xcconfig */,
			);
			name = Pods;
			sourceTree = "<group>";
		};
		C3DF169D1CC4CA7900D3F1FA = {
			isa = PBXGroup;
			children = (
				C3DF16A91CC4CA7900D3F1FA /* Meteor+Promissum */,
				C3DF16B51CC4CA7900D3F1FA /* Meteor+PromissumTests */,
				C3DF16A81CC4CA7900D3F1FA /* Products */,
				38CB63462BEC011410A41EE5 /* Pods */,
				E6F1E2B0F880619C31E72A61 /* Frameworks */,
			);
			sourceTree = "<group>";
		};
		C3DF16A81CC4CA7900D3F1FA /* Products */ = {
			isa = PBXGroup;
			children = (
				C3DF16A71CC4CA7900D3F1FA /* MeteorPromissum.framework */,
				C3DF16B11CC4CA7900D3F1FA /* MeteorPromissumTests.xctest */,
			);
			name = Products;
			sourceTree = "<group>";
		};
		C3DF16A91CC4CA7900D3F1FA /* Meteor+Promissum */ = {
			isa = PBXGroup;
			children = (
				C3DF16C11CC4CDA700D3F1FA /* Meteor+Promises.swift */,
				C3DF16AA1CC4CA7900D3F1FA /* Meteor+Promissum.h */,
				C3DF16AC1CC4CA7900D3F1FA /* Info.plist */,
			);
			path = "Meteor+Promissum";
			sourceTree = "<group>";
		};
		C3DF16B51CC4CA7900D3F1FA /* Meteor+PromissumTests */ = {
			isa = PBXGroup;
			children = (
				C3DF16B61CC4CA7900D3F1FA /* Meteor_PromissumTests.swift */,
				C3DF16B81CC4CA7900D3F1FA /* Info.plist */,
			);
			path = "Meteor+PromissumTests";
			sourceTree = "<group>";
		};
		E6F1E2B0F880619C31E72A61 /* Frameworks */ = {
			isa = PBXGroup;
			children = (
				45C31D4F8CA04E25A98251C6 /* Pods.framework */,
			);
			name = Frameworks;
			sourceTree = "<group>";
		};
/* End PBXGroup section */

/* Begin PBXHeadersBuildPhase section */
		C3DF16A41CC4CA7900D3F1FA /* Headers */ = {
			isa = PBXHeadersBuildPhase;
			buildActionMask = 2147483647;
			files = (
				C3DF16AB1CC4CA7900D3F1FA /* Meteor+Promissum.h in Headers */,
			);
			runOnlyForDeploymentPostprocessing = 0;
		};
/* End PBXHeadersBuildPhase section */

/* Begin PBXNativeTarget section */
		C3DF16A61CC4CA7900D3F1FA /* MeteorPromissum */ = {
			isa = PBXNativeTarget;
			buildConfigurationList = C3DF16BB1CC4CA7900D3F1FA /* Build configuration list for PBXNativeTarget "MeteorPromissum" */;
			buildPhases = (
				3D4425FD50270EF8A6EA3357 /* Check Pods Manifest.lock */,
				C3DF16A21CC4CA7900D3F1FA /* Sources */,
				C3DF16A31CC4CA7900D3F1FA /* Frameworks */,
				C3DF16A41CC4CA7900D3F1FA /* Headers */,
				C3DF16A51CC4CA7900D3F1FA /* Resources */,
				6F8E4B35C168E4FA5792877E /* Copy Pods Resources */,
			);
			buildRules = (
			);
			dependencies = (
			);
			name = MeteorPromissum;
			productName = "Meteor+Promissum";
			productReference = C3DF16A71CC4CA7900D3F1FA /* MeteorPromissum.framework */;
			productType = "com.apple.product-type.framework";
		};
		C3DF16B01CC4CA7900D3F1FA /* MeteorPromissumTests */ = {
			isa = PBXNativeTarget;
			buildConfigurationList = C3DF16BE1CC4CA7900D3F1FA /* Build configuration list for PBXNativeTarget "MeteorPromissumTests" */;
			buildPhases = (
				E2B9436514A5F82ECC7A117A /* Check Pods Manifest.lock */,
				C3DF16AD1CC4CA7900D3F1FA /* Sources */,
				C3DF16AE1CC4CA7900D3F1FA /* Frameworks */,
				C3DF16AF1CC4CA7900D3F1FA /* Resources */,
				72AC7BF7418F8763A3E36288 /* Embed Pods Frameworks */,
				67254C66BC61917865E4EF43 /* Copy Pods Resources */,
			);
			buildRules = (
			);
			dependencies = (
				C3DF16B41CC4CA7900D3F1FA /* PBXTargetDependency */,
			);
			name = MeteorPromissumTests;
			productName = "Meteor+PromissumTests";
			productReference = C3DF16B11CC4CA7900D3F1FA /* MeteorPromissumTests.xctest */;
			productType = "com.apple.product-type.bundle.unit-test";
		};
/* End PBXNativeTarget section */

/* Begin PBXProject section */
		C3DF169E1CC4CA7900D3F1FA /* Project object */ = {
			isa = PBXProject;
			attributes = {
				LastSwiftUpdateCheck = 0730;
				LastUpgradeCheck = 0730;
				ORGANIZATIONNAME = harkema.io;
				TargetAttributes = {
					C3DF16A61CC4CA7900D3F1FA = {
						CreatedOnToolsVersion = 7.3;
					};
					C3DF16B01CC4CA7900D3F1FA = {
						CreatedOnToolsVersion = 7.3;
					};
				};
			};
			buildConfigurationList = C3DF16A11CC4CA7900D3F1FA /* Build configuration list for PBXProject "Meteor+Promissum" */;
			compatibilityVersion = "Xcode 3.2";
			developmentRegion = English;
			hasScannedForEncodings = 0;
			knownRegions = (
				en,
			);
			mainGroup = C3DF169D1CC4CA7900D3F1FA;
			productRefGroup = C3DF16A81CC4CA7900D3F1FA /* Products */;
			projectDirPath = "";
			projectRoot = "";
			targets = (
				C3DF16A61CC4CA7900D3F1FA /* MeteorPromissum */,
				C3DF16B01CC4CA7900D3F1FA /* MeteorPromissumTests */,
			);
		};
/* End PBXProject section */

/* Begin PBXResourcesBuildPhase section */
		C3DF16A51CC4CA7900D3F1FA /* Resources */ = {
			isa = PBXResourcesBuildPhase;
			buildActionMask = 2147483647;
			files = (
			);
			runOnlyForDeploymentPostprocessing = 0;
		};
		C3DF16AF1CC4CA7900D3F1FA /* Resources */ = {
			isa = PBXResourcesBuildPhase;
			buildActionMask = 2147483647;
			files = (
			);
			runOnlyForDeploymentPostprocessing = 0;
		};
/* End PBXResourcesBuildPhase section */

/* Begin PBXShellScriptBuildPhase section */
		3D4425FD50270EF8A6EA3357 /* Check Pods Manifest.lock */ = {
			isa = PBXShellScriptBuildPhase;
			buildActionMask = 2147483647;
			files = (
			);
			inputPaths = (
			);
			name = "Check Pods Manifest.lock";
			outputPaths = (
			);
			runOnlyForDeploymentPostprocessing = 0;
			shellPath = /bin/sh;
			shellScript = "diff \"${PODS_ROOT}/../Podfile.lock\" \"${PODS_ROOT}/Manifest.lock\" > /dev/null\nif [[ $? != 0 ]] ; then\n    cat << EOM\nerror: The sandbox is not in sync with the Podfile.lock. Run 'pod install' or update your CocoaPods installation.\nEOM\n    exit 1\nfi\n";
			showEnvVarsInLog = 0;
		};
		67254C66BC61917865E4EF43 /* Copy Pods Resources */ = {
			isa = PBXShellScriptBuildPhase;
			buildActionMask = 2147483647;
			files = (
			);
			inputPaths = (
			);
			name = "Copy Pods Resources";
			outputPaths = (
			);
			runOnlyForDeploymentPostprocessing = 0;
			shellPath = /bin/sh;
			shellScript = "\"${SRCROOT}/Pods/Target Support Files/Pods/Pods-resources.sh\"\n";
			showEnvVarsInLog = 0;
		};
		6F8E4B35C168E4FA5792877E /* Copy Pods Resources */ = {
			isa = PBXShellScriptBuildPhase;
			buildActionMask = 2147483647;
			files = (
			);
			inputPaths = (
			);
			name = "Copy Pods Resources";
			outputPaths = (
			);
			runOnlyForDeploymentPostprocessing = 0;
			shellPath = /bin/sh;
			shellScript = "\"${SRCROOT}/Pods/Target Support Files/Pods/Pods-resources.sh\"\n";
			showEnvVarsInLog = 0;
		};
		72AC7BF7418F8763A3E36288 /* Embed Pods Frameworks */ = {
			isa = PBXShellScriptBuildPhase;
			buildActionMask = 2147483647;
			files = (
			);
			inputPaths = (
			);
			name = "Embed Pods Frameworks";
			outputPaths = (
			);
			runOnlyForDeploymentPostprocessing = 0;
			shellPath = /bin/sh;
			shellScript = "\"${SRCROOT}/Pods/Target Support Files/Pods/Pods-frameworks.sh\"\n";
			showEnvVarsInLog = 0;
		};
		E2B9436514A5F82ECC7A117A /* Check Pods Manifest.lock */ = {
			isa = PBXShellScriptBuildPhase;
			buildActionMask = 2147483647;
			files = (
			);
			inputPaths = (
			);
			name = "Check Pods Manifest.lock";
			outputPaths = (
			);
			runOnlyForDeploymentPostprocessing = 0;
			shellPath = /bin/sh;
			shellScript = "diff \"${PODS_ROOT}/../Podfile.lock\" \"${PODS_ROOT}/Manifest.lock\" > /dev/null\nif [[ $? != 0 ]] ; then\n    cat << EOM\nerror: The sandbox is not in sync with the Podfile.lock. Run 'pod install' or update your CocoaPods installation.\nEOM\n    exit 1\nfi\n";
			showEnvVarsInLog = 0;
		};
/* End PBXShellScriptBuildPhase section */

/* Begin PBXSourcesBuildPhase section */
		C3DF16A21CC4CA7900D3F1FA /* Sources */ = {
			isa = PBXSourcesBuildPhase;
			buildActionMask = 2147483647;
			files = (
				C3DF16C21CC4CDA700D3F1FA /* Meteor+Promises.swift in Sources */,
			);
			runOnlyForDeploymentPostprocessing = 0;
		};
		C3DF16AD1CC4CA7900D3F1FA /* Sources */ = {
			isa = PBXSourcesBuildPhase;
			buildActionMask = 2147483647;
			files = (
				C3DF16B71CC4CA7900D3F1FA /* Meteor_PromissumTests.swift in Sources */,
			);
			runOnlyForDeploymentPostprocessing = 0;
		};
/* End PBXSourcesBuildPhase section */

/* Begin PBXTargetDependency section */
		C3DF16B41CC4CA7900D3F1FA /* PBXTargetDependency */ = {
			isa = PBXTargetDependency;
			target = C3DF16A61CC4CA7900D3F1FA /* MeteorPromissum */;
			targetProxy = C3DF16B31CC4CA7900D3F1FA /* PBXContainerItemProxy */;
		};
/* End PBXTargetDependency section */

/* Begin XCBuildConfiguration section */
		C3DF16B91CC4CA7900D3F1FA /* Debug */ = {
			isa = XCBuildConfiguration;
			buildSettings = {
				ALWAYS_SEARCH_USER_PATHS = NO;
				CLANG_ANALYZER_NONNULL = YES;
				CLANG_CXX_LANGUAGE_STANDARD = "gnu++0x";
				CLANG_CXX_LIBRARY = "libc++";
				CLANG_ENABLE_MODULES = YES;
				CLANG_ENABLE_OBJC_ARC = YES;
				CLANG_WARN_BOOL_CONVERSION = YES;
				CLANG_WARN_CONSTANT_CONVERSION = YES;
				CLANG_WARN_DIRECT_OBJC_ISA_USAGE = YES_ERROR;
				CLANG_WARN_EMPTY_BODY = YES;
				CLANG_WARN_ENUM_CONVERSION = YES;
				CLANG_WARN_INT_CONVERSION = YES;
				CLANG_WARN_OBJC_ROOT_CLASS = YES_ERROR;
				CLANG_WARN_UNREACHABLE_CODE = YES;
				CLANG_WARN__DUPLICATE_METHOD_MATCH = YES;
				"CODE_SIGN_IDENTITY[sdk=iphoneos*]" = "iPhone Developer";
				COPY_PHASE_STRIP = NO;
				CURRENT_PROJECT_VERSION = 1;
				DEBUG_INFORMATION_FORMAT = dwarf;
				ENABLE_STRICT_OBJC_MSGSEND = YES;
				ENABLE_TESTABILITY = YES;
				GCC_C_LANGUAGE_STANDARD = gnu99;
				GCC_DYNAMIC_NO_PIC = NO;
				GCC_NO_COMMON_BLOCKS = YES;
				GCC_OPTIMIZATION_LEVEL = 0;
				GCC_PREPROCESSOR_DEFINITIONS = (
					"DEBUG=1",
					"$(inherited)",
				);
				GCC_WARN_64_TO_32_BIT_CONVERSION = YES;
				GCC_WARN_ABOUT_RETURN_TYPE = YES_ERROR;
				GCC_WARN_UNDECLARED_SELECTOR = YES;
				GCC_WARN_UNINITIALIZED_AUTOS = YES_AGGRESSIVE;
				GCC_WARN_UNUSED_FUNCTION = YES;
				GCC_WARN_UNUSED_VARIABLE = YES;
				IPHONEOS_DEPLOYMENT_TARGET = 9.3;
				MTL_ENABLE_DEBUG_INFO = YES;
				ONLY_ACTIVE_ARCH = YES;
				SDKROOT = iphoneos;
				SWIFT_OPTIMIZATION_LEVEL = "-Onone";
				TARGETED_DEVICE_FAMILY = "1,2";
				VERSIONING_SYSTEM = "apple-generic";
				VERSION_INFO_PREFIX = "";
			};
			name = Debug;
		};
		C3DF16BA1CC4CA7900D3F1FA /* Release */ = {
			isa = XCBuildConfiguration;
			buildSettings = {
				ALWAYS_SEARCH_USER_PATHS = NO;
				CLANG_ANALYZER_NONNULL = YES;
				CLANG_CXX_LANGUAGE_STANDARD = "gnu++0x";
				CLANG_CXX_LIBRARY = "libc++";
				CLANG_ENABLE_MODULES = YES;
				CLANG_ENABLE_OBJC_ARC = YES;
				CLANG_WARN_BOOL_CONVERSION = YES;
				CLANG_WARN_CONSTANT_CONVERSION = YES;
				CLANG_WARN_DIRECT_OBJC_ISA_USAGE = YES_ERROR;
				CLANG_WARN_EMPTY_BODY = YES;
				CLANG_WARN_ENUM_CONVERSION = YES;
				CLANG_WARN_INT_CONVERSION = YES;
				CLANG_WARN_OBJC_ROOT_CLASS = YES_ERROR;
				CLANG_WARN_UNREACHABLE_CODE = YES;
				CLANG_WARN__DUPLICATE_METHOD_MATCH = YES;
				"CODE_SIGN_IDENTITY[sdk=iphoneos*]" = "iPhone Developer";
				COPY_PHASE_STRIP = NO;
				CURRENT_PROJECT_VERSION = 1;
				DEBUG_INFORMATION_FORMAT = "dwarf-with-dsym";
				ENABLE_NS_ASSERTIONS = NO;
				ENABLE_STRICT_OBJC_MSGSEND = YES;
				GCC_C_LANGUAGE_STANDARD = gnu99;
				GCC_NO_COMMON_BLOCKS = YES;
				GCC_WARN_64_TO_32_BIT_CONVERSION = YES;
				GCC_WARN_ABOUT_RETURN_TYPE = YES_ERROR;
				GCC_WARN_UNDECLARED_SELECTOR = YES;
				GCC_WARN_UNINITIALIZED_AUTOS = YES_AGGRESSIVE;
				GCC_WARN_UNUSED_FUNCTION = YES;
				GCC_WARN_UNUSED_VARIABLE = YES;
				IPHONEOS_DEPLOYMENT_TARGET = 9.3;
				MTL_ENABLE_DEBUG_INFO = NO;
				SDKROOT = iphoneos;
				TARGETED_DEVICE_FAMILY = "1,2";
				VALIDATE_PRODUCT = YES;
				VERSIONING_SYSTEM = "apple-generic";
				VERSION_INFO_PREFIX = "";
			};
			name = Release;
		};
		C3DF16BC1CC4CA7900D3F1FA /* Debug */ = {
			isa = XCBuildConfiguration;
			baseConfigurationReference = CCA5E90AA8FA2E0FA3D349D2 /* Pods.debug.xcconfig */;
			buildSettings = {
				CLANG_ENABLE_MODULES = YES;
				DEFINES_MODULE = YES;
				DYLIB_COMPATIBILITY_VERSION = 1;
				DYLIB_CURRENT_VERSION = 1;
				DYLIB_INSTALL_NAME_BASE = "@rpath";
				INFOPLIST_FILE = "Meteor+Promissum/Info.plist";
				INSTALL_PATH = "$(LOCAL_LIBRARY_DIR)/Frameworks";
				IPHONEOS_DEPLOYMENT_TARGET = 8.0;
				LD_RUNPATH_SEARCH_PATHS = "$(inherited) @executable_path/Frameworks @loader_path/Frameworks";
				PRODUCT_BUNDLE_IDENTIFIER = io.harkema.MeteorPromissum;
				PRODUCT_NAME = "$(TARGET_NAME)";
				SKIP_INSTALL = YES;
				SWIFT_OPTIMIZATION_LEVEL = "-Onone";
			};
			name = Debug;
		};
		C3DF16BD1CC4CA7900D3F1FA /* Release */ = {
			isa = XCBuildConfiguration;
			baseConfigurationReference = 96D8B432076FB2612DE52B20 /* Pods.release.xcconfig */;
			buildSettings = {
				CLANG_ENABLE_MODULES = YES;
				DEFINES_MODULE = YES;
				DYLIB_COMPATIBILITY_VERSION = 1;
				DYLIB_CURRENT_VERSION = 1;
				DYLIB_INSTALL_NAME_BASE = "@rpath";
				INFOPLIST_FILE = "Meteor+Promissum/Info.plist";
				INSTALL_PATH = "$(LOCAL_LIBRARY_DIR)/Frameworks";
				IPHONEOS_DEPLOYMENT_TARGET = 8.0;
				LD_RUNPATH_SEARCH_PATHS = "$(inherited) @executable_path/Frameworks @loader_path/Frameworks";
				PRODUCT_BUNDLE_IDENTIFIER = io.harkema.MeteorPromissum;
				PRODUCT_NAME = "$(TARGET_NAME)";
				SKIP_INSTALL = YES;
			};
			name = Release;
		};
		C3DF16BF1CC4CA7900D3F1FA /* Debug */ = {
			isa = XCBuildConfiguration;
			baseConfigurationReference = CCA5E90AA8FA2E0FA3D349D2 /* Pods.debug.xcconfig */;
			buildSettings = {
				INFOPLIST_FILE = "Meteor+PromissumTests/Info.plist";
				LD_RUNPATH_SEARCH_PATHS = "$(inherited) @executable_path/Frameworks @loader_path/Frameworks";
				PRODUCT_BUNDLE_IDENTIFIER = "io.harkema.Meteor-PromissumTests";
				PRODUCT_NAME = "$(TARGET_NAME)";
			};
			name = Debug;
		};
		C3DF16C01CC4CA7900D3F1FA /* Release */ = {
			isa = XCBuildConfiguration;
			baseConfigurationReference = 96D8B432076FB2612DE52B20 /* Pods.release.xcconfig */;
			buildSettings = {
				INFOPLIST_FILE = "Meteor+PromissumTests/Info.plist";
				LD_RUNPATH_SEARCH_PATHS = "$(inherited) @executable_path/Frameworks @loader_path/Frameworks";
				PRODUCT_BUNDLE_IDENTIFIER = "io.harkema.Meteor-PromissumTests";
				PRODUCT_NAME = "$(TARGET_NAME)";
			};
			name = Release;
		};
/* End XCBuildConfiguration section */

/* Begin XCConfigurationList section */
		C3DF16A11CC4CA7900D3F1FA /* Build configuration list for PBXProject "Meteor+Promissum" */ = {
			isa = XCConfigurationList;
			buildConfigurations = (
				C3DF16B91CC4CA7900D3F1FA /* Debug */,
				C3DF16BA1CC4CA7900D3F1FA /* Release */,
			);
			defaultConfigurationIsVisible = 0;
			defaultConfigurationName = Release;
		};
		C3DF16BB1CC4CA7900D3F1FA /* Build configuration list for PBXNativeTarget "MeteorPromissum" */ = {
			isa = XCConfigurationList;
			buildConfigurations = (
				C3DF16BC1CC4CA7900D3F1FA /* Debug */,
				C3DF16BD1CC4CA7900D3F1FA /* Release */,
			);
			defaultConfigurationIsVisible = 0;
			defaultConfigurationName = Release;
		};
		C3DF16BE1CC4CA7900D3F1FA /* Build configuration list for PBXNativeTarget "MeteorPromissumTests" */ = {
			isa = XCConfigurationList;
			buildConfigurations = (
				C3DF16BF1CC4CA7900D3F1FA /* Debug */,
				C3DF16C01CC4CA7900D3F1FA /* Release */,
			);
			defaultConfigurationIsVisible = 0;
			defaultConfigurationName = Release;
		};
/* End XCConfigurationList section */
	};
	rootObject = C3DF169E1CC4CA7900D3F1FA /* Project object */;
}
